// !$*UTF8*$!
{
	archiveVersion = 1;
	classes = {
	};
	objectVersion = 56;
	objects = {

/* Begin PBXBuildFile section */
		9F21737E2BE03B59005EEB00 /* AppDelegate.swift in Sources */ = {isa = PBXBuildFile; fileRef = 9F21737D2BE03B59005EEB00 /* AppDelegate.swift */; };
		9F2173802BE03E10005EEB00 /* FiltersViewController.swift in Sources */ = {isa = PBXBuildFile; fileRef = 9F21737F2BE03E10005EEB00 /* FiltersViewController.swift */; };
		9F25E4D82BE02A0100D0CFFA /* Assets.xcassets in Resources */ = {isa = PBXBuildFile; fileRef = 9F25E4D72BE02A0100D0CFFA /* Assets.xcassets */; };
		9F25E4DB2BE02A0100D0CFFA /* Preview Assets.xcassets in Resources */ = {isa = PBXBuildFile; fileRef = 9F25E4DA2BE02A0100D0CFFA /* Preview Assets.xcassets */; };
		9F25E4E22BE02A4F00D0CFFA /* VideoCaptureService.swift in Sources */ = {isa = PBXBuildFile; fileRef = 9F25E4E12BE02A4F00D0CFFA /* VideoCaptureService.swift */; };
		9F25E4E42BE02A6800D0CFFA /* VideoProcessor.swift in Sources */ = {isa = PBXBuildFile; fileRef = 9F25E4E32BE02A6800D0CFFA /* VideoProcessor.swift */; };
		9F25E4E62BE02A8F00D0CFFA /* ViewController.swift in Sources */ = {isa = PBXBuildFile; fileRef = 9F25E4E52BE02A8F00D0CFFA /* ViewController.swift */; };
		9F25E4E82BE02C0100D0CFFA /* Shaders.metal in Sources */ = {isa = PBXBuildFile; fileRef = 9F25E4E72BE02C0100D0CFFA /* Shaders.metal */; };
/* End PBXBuildFile section */

/* Begin PBXFileReference section */
		9F21737D2BE03B59005EEB00 /* AppDelegate.swift */ = {isa = PBXFileReference; lastKnownFileType = sourcecode.swift; path = AppDelegate.swift; sourceTree = "<group>"; };
		9F21737F2BE03E10005EEB00 /* FiltersViewController.swift */ = {isa = PBXFileReference; lastKnownFileType = sourcecode.swift; path = FiltersViewController.swift; sourceTree = "<group>"; };
		9F25E4D02BE02A0000D0CFFA /* FilterMSL.app */ = {isa = PBXFileReference; explicitFileType = wrapper.application; includeInIndex = 0; path = FilterMSL.app; sourceTree = BUILT_PRODUCTS_DIR; };
		9F25E4D72BE02A0100D0CFFA /* Assets.xcassets */ = {isa = PBXFileReference; lastKnownFileType = folder.assetcatalog; path = Assets.xcassets; sourceTree = "<group>"; };
		9F25E4DA2BE02A0100D0CFFA /* Preview Assets.xcassets */ = {isa = PBXFileReference; lastKnownFileType = folder.assetcatalog; path = "Preview Assets.xcassets"; sourceTree = "<group>"; };
		9F25E4E12BE02A4F00D0CFFA /* VideoCaptureService.swift */ = {isa = PBXFileReference; lastKnownFileType = sourcecode.swift; path = VideoCaptureService.swift; sourceTree = "<group>"; };
		9F25E4E32BE02A6800D0CFFA /* VideoProcessor.swift */ = {isa = PBXFileReference; lastKnownFileType = sourcecode.swift; path = VideoProcessor.swift; sourceTree = "<group>"; };
		9F25E4E52BE02A8F00D0CFFA /* ViewController.swift */ = {isa = PBXFileReference; lastKnownFileType = sourcecode.swift; path = ViewController.swift; sourceTree = "<group>"; };
		9F25E4E72BE02C0100D0CFFA /* Shaders.metal */ = {isa = PBXFileReference; lastKnownFileType = sourcecode.metal; path = Shaders.metal; sourceTree = "<group>"; };
/* End PBXFileReference section */

/* Begin PBXFrameworksBuildPhase section */
		9F25E4CD2BE02A0000D0CFFA /* Frameworks */ = {
			isa = PBXFrameworksBuildPhase;
			buildActionMask = 2147483647;
			files = (
			);
			runOnlyForDeploymentPostprocessing = 0;
		};
/* End PBXFrameworksBuildPhase section */

/* Begin PBXGroup section */
		9F25E4C72BE02A0000D0CFFA = {
			isa = PBXGroup;
			children = (
				9F25E4D22BE02A0000D0CFFA /* FilterMSL */,
				9F25E4D12BE02A0000D0CFFA /* Products */,
			);
			sourceTree = "<group>";
		};
		9F25E4D12BE02A0000D0CFFA /* Products */ = {
			isa = PBXGroup;
			children = (
				9F25E4D02BE02A0000D0CFFA /* FilterMSL.app */,
			);
			name = Products;
			sourceTree = "<group>";
		};
		9F25E4D22BE02A0000D0CFFA /* FilterMSL */ = {
			isa = PBXGroup;
			children = (
				9F25E4E12BE02A4F00D0CFFA /* VideoCaptureService.swift */,
				9F25E4E32BE02A6800D0CFFA /* VideoProcessor.swift */,
				9F21737F2BE03E10005EEB00 /* FiltersViewController.swift */,
				9F21737D2BE03B59005EEB00 /* AppDelegate.swift */,
				9F25E4E52BE02A8F00D0CFFA /* ViewController.swift */,
				9F25E4E72BE02C0100D0CFFA /* Shaders.metal */,
				9F25E4D72BE02A0100D0CFFA /* Assets.xcassets */,
				9F25E4D92BE02A0100D0CFFA /* Preview Content */,
			);
			path = FilterMSL;
			sourceTree = "<group>";
		};
		9F25E4D92BE02A0100D0CFFA /* Preview Content */ = {
			isa = PBXGroup;
			children = (
				9F25E4DA2BE02A0100D0CFFA /* Preview Assets.xcassets */,
			);
			path = "Preview Content";
			sourceTree = "<group>";
		};
/* End PBXGroup section */

/* Begin PBXNativeTarget section */
		9F25E4CF2BE02A0000D0CFFA /* FilterMSL */ = {
			isa = PBXNativeTarget;
			buildConfigurationList = 9F25E4DE2BE02A0100D0CFFA /* Build configuration list for PBXNativeTarget "FilterMSL" */;
			buildPhases = (
				9F25E4CC2BE02A0000D0CFFA /* Sources */,
				9F25E4CD2BE02A0000D0CFFA /* Frameworks */,
				9F25E4CE2BE02A0000D0CFFA /* Resources */,
			);
			buildRules = (
			);
			dependencies = (
			);
			name = FilterMSL;
			productName = FilterMSL;
			productReference = 9F25E4D02BE02A0000D0CFFA /* FilterMSL.app */;
			productType = "com.apple.product-type.application";
		};
/* End PBXNativeTarget section */

/* Begin PBXProject section */
		9F25E4C82BE02A0000D0CFFA /* Project object */ = {
			isa = PBXProject;
			attributes = {
				BuildIndependentTargetsInParallel = 1;
				LastSwiftUpdateCheck = 1530;
				LastUpgradeCheck = 1530;
				TargetAttributes = {
					9F25E4CF2BE02A0000D0CFFA = {
						CreatedOnToolsVersion = 15.3;
					};
				};
			};
			buildConfigurationList = 9F25E4CB2BE02A0000D0CFFA /* Build configuration list for PBXProject "FilterMSL" */;
			compatibilityVersion = "Xcode 14.0";
			developmentRegion = en;
			hasScannedForEncodings = 0;
			knownRegions = (
				en,
				Base,
			);
			mainGroup = 9F25E4C72BE02A0000D0CFFA;
			productRefGroup = 9F25E4D12BE02A0000D0CFFA /* Products */;
			projectDirPath = "";
			projectRoot = "";
			targets = (
				9F25E4CF2BE02A0000D0CFFA /* FilterMSL */,
			);
		};
/* End PBXProject section */

/* Begin PBXResourcesBuildPhase section */
		9F25E4CE2BE02A0000D0CFFA /* Resources */ = {
			isa = PBXResourcesBuildPhase;
			buildActionMask = 2147483647;
			files = (
				9F25E4DB2BE02A0100D0CFFA /* Preview Assets.xcassets in Resources */,
				9F25E4D82BE02A0100D0CFFA /* Assets.xcassets in Resources */,
			);
			runOnlyForDeploymentPostprocessing = 0;
		};
/* End PBXResourcesBuildPhase section */

/* Begin PBXSourcesBuildPhase section */
		9F25E4CC2BE02A0000D0CFFA /* Sources */ = {
			isa = PBXSourcesBuildPhase;
			buildActionMask = 2147483647;
			files = (
				9F21737E2BE03B59005EEB00 /* AppDelegate.swift in Sources */,
				9F25E4E82BE02C0100D0CFFA /* Shaders.metal in Sources */,
				9F2173802BE03E10005EEB00 /* FiltersViewController.swift in Sources */,
				9F25E4E62BE02A8F00D0CFFA /* ViewController.swift in Sources */,
				9F25E4E22BE02A4F00D0CFFA /* VideoCaptureService.swift in Sources */,
				9F25E4E42BE02A6800D0CFFA /* VideoProcessor.swift in Sources */,
			);
			runOnlyForDeploymentPostprocessing = 0;
		};
/* End PBXSourcesBuildPhase section */

/* Begin XCBuildConfiguration section */
		9F25E4DC2BE02A0100D0CFFA /* Debug */ = {
			isa = XCBuildConfiguration;
			buildSettings = {
				ALWAYS_SEARCH_USER_PATHS = NO;
				ASSETCATALOG_COMPILER_GENERATE_SWIFT_ASSET_SYMBOL_EXTENSIONS = YES;
				CLANG_ANALYZER_NONNULL = YES;
				CLANG_ANALYZER_NUMBER_OBJECT_CONVERSION = YES_AGGRESSIVE;
				CLANG_CXX_LANGUAGE_STANDARD = "gnu++20";
				CLANG_ENABLE_MODULES = YES;
				CLANG_ENABLE_OBJC_ARC = YES;
				CLANG_ENABLE_OBJC_WEAK = YES;
				CLANG_WARN_BLOCK_CAPTURE_AUTORELEASING = YES;
				CLANG_WARN_BOOL_CONVERSION = YES;
				CLANG_WARN_COMMA = YES;
				CLANG_WARN_CONSTANT_CONVERSION = YES;
				CLANG_WARN_DEPRECATED_OBJC_IMPLEMENTATIONS = YES;
				CLANG_WARN_DIRECT_OBJC_ISA_USAGE = YES_ERROR;
				CLANG_WARN_DOCUMENTATION_COMMENTS = YES;
				CLANG_WARN_EMPTY_BODY = YES;
				CLANG_WARN_ENUM_CONVERSION = YES;
				CLANG_WARN_INFINITE_RECURSION = YES;
				CLANG_WARN_INT_CONVERSION = YES;
				CLANG_WARN_NON_LITERAL_NULL_CONVERSION = YES;
				CLANG_WARN_OBJC_IMPLICIT_RETAIN_SELF = YES;
				CLANG_WARN_OBJC_LITERAL_CONVERSION = YES;
				CLANG_WARN_OBJC_ROOT_CLASS = YES_ERROR;
				CLANG_WARN_QUOTED_INCLUDE_IN_FRAMEWORK_HEADER = YES;
				CLANG_WARN_RANGE_LOOP_ANALYSIS = YES;
				CLANG_WARN_STRICT_PROTOTYPES = YES;
				CLANG_WARN_SUSPICIOUS_MOVE = YES;
				CLANG_WARN_UNGUARDED_AVAILABILITY = YES_AGGRESSIVE;
				CLANG_WARN_UNREACHABLE_CODE = YES;
				CLANG_WARN__DUPLICATE_METHOD_MATCH = YES;
				COPY_PHASE_STRIP = NO;
				DEBUG_INFORMATION_FORMAT = dwarf;
				ENABLE_STRICT_OBJC_MSGSEND = YES;
				ENABLE_TESTABILITY = YES;
				ENABLE_USER_SCRIPT_SANDBOXING = YES;
				GCC_C_LANGUAGE_STANDARD = gnu17;
				GCC_DYNAMIC_NO_PIC = NO;
				GCC_NO_COMMON_BLOCKS = YES;
				GCC_OPTIMIZATION_LEVEL = 0;
				GCC_PREPROCESSOR_DEFINITIONS = (
					"DEBUG=1",
					"$(inherited)",
				);
				GCC_WARN_64_TO_32_BIT_CONVERSION = YES;
				GCC_WARN_ABOUT_RETURN_TYPE = YES_ERROR;
				GCC_WARN_UNDECLARED_SELECTOR = YES;
				GCC_WARN_UNINITIALIZED_AUTOS = YES_AGGRESSIVE;
				GCC_WARN_UNUSED_FUNCTION = YES;
				GCC_WARN_UNUSED_VARIABLE = YES;
				IPHONEOS_DEPLOYMENT_TARGET = 17.4;
				LOCALIZATION_PREFERS_STRING_CATALOGS = YES;
				MTL_ENABLE_DEBUG_INFO = INCLUDE_SOURCE;
				MTL_FAST_MATH = YES;
				ONLY_ACTIVE_ARCH = YES;
				SDKROOT = iphoneos;
				SWIFT_ACTIVE_COMPILATION_CONDITIONS = "DEBUG $(inherited)";
				SWIFT_OPTIMIZATION_LEVEL = "-Onone";
			};
			name = Debug;
		};
		9F25E4DD2BE02A0100D0CFFA /* Release */ = {
			isa = XCBuildConfiguration;
			buildSettings = {
				ALWAYS_SEARCH_USER_PATHS = NO;
				ASSETCATALOG_COMPILER_GENERATE_SWIFT_ASSET_SYMBOL_EXTENSIONS = YES;
				CLANG_ANALYZER_NONNULL = YES;
				CLANG_ANALYZER_NUMBER_OBJECT_CONVERSION = YES_AGGRESSIVE;
				CLANG_CXX_LANGUAGE_STANDARD = "gnu++20";
				CLANG_ENABLE_MODULES = YES;
				CLANG_ENABLE_OBJC_ARC = YES;
				CLANG_ENABLE_OBJC_WEAK = YES;
				CLANG_WARN_BLOCK_CAPTURE_AUTORELEASING = YES;
				CLANG_WARN_BOOL_CONVERSION = YES;
				CLANG_WARN_COMMA = YES;
				CLANG_WARN_CONSTANT_CONVERSION = YES;
				CLANG_WARN_DEPRECATED_OBJC_IMPLEMENTATIONS = YES;
				CLANG_WARN_DIRECT_OBJC_ISA_USAGE = YES_ERROR;
				CLANG_WARN_DOCUMENTATION_COMMENTS = YES;
				CLANG_WARN_EMPTY_BODY = YES;
				CLANG_WARN_ENUM_CONVERSION = YES;
				CLANG_WARN_INFINITE_RECURSION = YES;
				CLANG_WARN_INT_CONVERSION = YES;
				CLANG_WARN_NON_LITERAL_NULL_CONVERSION = YES;
				CLANG_WARN_OBJC_IMPLICIT_RETAIN_SELF = YES;
				CLANG_WARN_OBJC_LITERAL_CONVERSION = YES;
				CLANG_WARN_OBJC_ROOT_CLASS = YES_ERROR;
				CLANG_WARN_QUOTED_INCLUDE_IN_FRAMEWORK_HEADER = YES;
				CLANG_WARN_RANGE_LOOP_ANALYSIS = YES;
				CLANG_WARN_STRICT_PROTOTYPES = YES;
				CLANG_WARN_SUSPICIOUS_MOVE = YES;
				CLANG_WARN_UNGUARDED_AVAILABILITY = YES_AGGRESSIVE;
				CLANG_WARN_UNREACHABLE_CODE = YES;
				CLANG_WARN__DUPLICATE_METHOD_MATCH = YES;
				COPY_PHASE_STRIP = NO;
				DEBUG_INFORMATION_FORMAT = "dwarf-with-dsym";
				ENABLE_NS_ASSERTIONS = NO;
				ENABLE_STRICT_OBJC_MSGSEND = YES;
				ENABLE_USER_SCRIPT_SANDBOXING = YES;
				GCC_C_LANGUAGE_STANDARD = gnu17;
				GCC_NO_COMMON_BLOCKS = YES;
				GCC_WARN_64_TO_32_BIT_CONVERSION = YES;
				GCC_WARN_ABOUT_RETURN_TYPE = YES_ERROR;
				GCC_WARN_UNDECLARED_SELECTOR = YES;
				GCC_WARN_UNINITIALIZED_AUTOS = YES_AGGRESSIVE;
				GCC_WARN_UNUSED_FUNCTION = YES;
				GCC_WARN_UNUSED_VARIABLE = YES;
				IPHONEOS_DEPLOYMENT_TARGET = 17.4;
				LOCALIZATION_PREFERS_STRING_CATALOGS = YES;
				MTL_ENABLE_DEBUG_INFO = NO;
				MTL_FAST_MATH = YES;
				SDKROOT = iphoneos;
				SWIFT_COMPILATION_MODE = wholemodule;
				VALIDATE_PRODUCT = YES;
			};
			name = Release;
		};
		9F25E4DF2BE02A0100D0CFFA /* Debug */ = {
			isa = XCBuildConfiguration;
			buildSettings = {
				ASSETCATALOG_COMPILER_APPICON_NAME = AppIcon;
				ASSETCATALOG_COMPILER_GLOBAL_ACCENT_COLOR_NAME = AccentColor;
				CODE_SIGN_STYLE = Automatic;
				CURRENT_PROJECT_VERSION = 1;
				DEVELOPMENT_ASSET_PATHS = "\"FilterMSL/Preview Content\"";
				DEVELOPMENT_TEAM = JDUBR9K5G8;
				ENABLE_PREVIEWS = YES;
				GENERATE_INFOPLIST_FILE = YES;
				INFOPLIST_KEY_NSCameraUsageDescription = "camera on";
				INFOPLIST_KEY_UIApplicationSceneManifest_Generation = YES;
				INFOPLIST_KEY_UIApplicationSupportsIndirectInputEvents = YES;
				INFOPLIST_KEY_UILaunchScreen_Generation = YES;
				INFOPLIST_KEY_UISupportedInterfaceOrientations_iPad = "UIInterfaceOrientationPortrait UIInterfaceOrientationPortraitUpsideDown UIInterfaceOrientationLandscapeLeft UIInterfaceOrientationLandscapeRight";
				INFOPLIST_KEY_UISupportedInterfaceOrientations_iPhone = "UIInterfaceOrientationPortrait UIInterfaceOrientationLandscapeLeft UIInterfaceOrientationLandscapeRight";
				LD_RUNPATH_SEARCH_PATHS = (
					"$(inherited)",
					"@executable_path/Frameworks",
				);
				MARKETING_VERSION = 1.0;
				PRODUCT_BUNDLE_IDENTIFIER = com.yc6622.FilterMSL;
				PRODUCT_NAME = "$(TARGET_NAME)";
				SWIFT_EMIT_LOC_STRINGS = YES;
				SWIFT_VERSION = 5.0;
				TARGETED_DEVICE_FAMILY = "1,2";
			};
			name = Debug;
		};
		9F25E4E02BE02A0100D0CFFA /* Release */ = {
			isa = XCBuildConfiguration;
			buildSettings = {
				ASSETCATALOG_COMPILER_APPICON_NAME = AppIcon;
				ASSETCATALOG_COMPILER_GLOBAL_ACCENT_COLOR_NAME = AccentColor;
				CODE_SIGN_STYLE = Automatic;
				CURRENT_PROJECT_VERSION = 1;
				DEVELOPMENT_ASSET_PATHS = "\"FilterMSL/Preview Content\"";
				DEVELOPMENT_TEAM = JDUBR9K5G8;
				ENABLE_PREVIEWS = YES;
				GENERATE_INFOPLIST_FILE = YES;
				INFOPLIST_KEY_NSCameraUsageDescription = "camera on";
				INFOPLIST_KEY_UIApplicationSceneManifest_Generation = YES;
				INFOPLIST_KEY_UIApplicationSupportsIndirectInputEvents = YES;
				INFOPLIST_KEY_UILaunchScreen_Generation = YES;
				INFOPLIST_KEY_UISupportedInterfaceOrientations_iPad = "UIInterfaceOrientationPortrait UIInterfaceOrientationPortraitUpsideDown UIInterfaceOrientationLandscapeLeft UIInterfaceOrientationLandscapeRight";
				INFOPLIST_KEY_UISupportedInterfaceOrientations_iPhone = "UIInterfaceOrientationPortrait UIInterfaceOrientationLandscapeLeft UIInterfaceOrientationLandscapeRight";
				LD_RUNPATH_SEARCH_PATHS = (
					"$(inherited)",
					"@executable_path/Frameworks",
				);
				MARKETING_VERSION = 1.0;
				PRODUCT_BUNDLE_IDENTIFIER = com.yc6622.FilterMSL;
				PRODUCT_NAME = "$(TARGET_NAME)";
				SWIFT_EMIT_LOC_STRINGS = YES;
				SWIFT_VERSION = 5.0;
				TARGETED_DEVICE_FAMILY = "1,2";
			};
			name = Release;
		};
/* End XCBuildConfiguration section */

/* Begin XCConfigurationList section */
		9F25E4CB2BE02A0000D0CFFA /* Build configuration list for PBXProject "FilterMSL" */ = {
			isa = XCConfigurationList;
			buildConfigurations = (
				9F25E4DC2BE02A0100D0CFFA /* Debug */,
				9F25E4DD2BE02A0100D0CFFA /* Release */,
			);
			defaultConfigurationIsVisible = 0;
			defaultConfigurationName = Release;
		};
		9F25E4DE2BE02A0100D0CFFA /* Build configuration list for PBXNativeTarget "FilterMSL" */ = {
			isa = XCConfigurationList;
			buildConfigurations = (
				9F25E4DF2BE02A0100D0CFFA /* Debug */,
				9F25E4E02BE02A0100D0CFFA /* Release */,
			);
			defaultConfigurationIsVisible = 0;
			defaultConfigurationName = Release;
		};
/* End XCConfigurationList section */
	};
	rootObject = 9F25E4C82BE02A0000D0CFFA /* Project object */;
}
