// !$*UTF8*$!
{
	archiveVersion = 1;
	classes = {
	};
	objectVersion = 56;
	objects = {

/* Begin PBXBuildFile section */
		9F10DD052B7AAC34002C57F7 /* App_testApp.swift in Sources */ = {isa = PBXBuildFile; fileRef = 9F10DD042B7AAC34002C57F7 /* App_testApp.swift */; };
		9F10DD072B7AAC34002C57F7 /* ContentView.swift in Sources */ = {isa = PBXBuildFile; fileRef = 9F10DD062B7AAC34002C57F7 /* ContentView.swift */; };
		9F10DD092B7AAC36002C57F7 /* Assets.xcassets in Resources */ = {isa = PBXBuildFile; fileRef = 9F10DD082B7AAC36002C57F7 /* Assets.xcassets */; };
		9F10DD0C2B7AAC36002C57F7 /* Preview Assets.xcassets in Resources */ = {isa = PBXBuildFile; fileRef = 9F10DD0B2B7AAC36002C57F7 /* Preview Assets.xcassets */; };
		9F10DD162B7AAC36002C57F7 /* App_testTests.swift in Sources */ = {isa = PBXBuildFile; fileRef = 9F10DD152B7AAC36002C57F7 /* App_testTests.swift */; };
		9F10DD202B7AAC36002C57F7 /* App_testUITests.swift in Sources */ = {isa = PBXBuildFile; fileRef = 9F10DD1F2B7AAC36002C57F7 /* App_testUITests.swift */; };
		9F10DD222B7AAC36002C57F7 /* App_testUITestsLaunchTests.swift in Sources */ = {isa = PBXBuildFile; fileRef = 9F10DD212B7AAC36002C57F7 /* App_testUITestsLaunchTests.swift */; };
/* End PBXBuildFile section */

/* Begin PBXContainerItemProxy section */
		9F10DD122B7AAC36002C57F7 /* PBXContainerItemProxy */ = {
			isa = PBXContainerItemProxy;
			containerPortal = 9F10DCF92B7AAC34002C57F7 /* Project object */;
			proxyType = 1;
			remoteGlobalIDString = 9F10DD002B7AAC34002C57F7;
			remoteInfo = "App test";
		};
		9F10DD1C2B7AAC36002C57F7 /* PBXContainerItemProxy */ = {
			isa = PBXContainerItemProxy;
			containerPortal = 9F10DCF92B7AAC34002C57F7 /* Project object */;
			proxyType = 1;
			remoteGlobalIDString = 9F10DD002B7AAC34002C57F7;
			remoteInfo = "App test";
		};
/* End PBXContainerItemProxy section */

/* Begin PBXFileReference section */
		9F10DD012B7AAC34002C57F7 /* App test.app */ = {isa = PBXFileReference; explicitFileType = wrapper.application; includeInIndex = 0; path = "App test.app"; sourceTree = BUILT_PRODUCTS_DIR; };
		9F10DD042B7AAC34002C57F7 /* App_testApp.swift */ = {isa = PBXFileReference; lastKnownFileType = sourcecode.swift; path = App_testApp.swift; sourceTree = "<group>"; };
		9F10DD062B7AAC34002C57F7 /* ContentView.swift */ = {isa = PBXFileReference; lastKnownFileType = sourcecode.swift; path = ContentView.swift; sourceTree = "<group>"; };
		9F10DD082B7AAC36002C57F7 /* Assets.xcassets */ = {isa = PBXFileReference; lastKnownFileType = folder.assetcatalog; path = Assets.xcassets; sourceTree = "<group>"; };
		9F10DD0B2B7AAC36002C57F7 /* Preview Assets.xcassets */ = {isa = PBXFileReference; lastKnownFileType = folder.assetcatalog; path = "Preview Assets.xcassets"; sourceTree = "<group>"; };
		9F10DD112B7AAC36002C57F7 /* App testTests.xctest */ = {isa = PBXFileReference; explicitFileType = wrapper.cfbundle; includeInIndex = 0; path = "App testTests.xctest"; sourceTree = BUILT_PRODUCTS_DIR; };
		9F10DD152B7AAC36002C57F7 /* App_testTests.swift */ = {isa = PBXFileReference; lastKnownFileType = sourcecode.swift; path = App_testTests.swift; sourceTree = "<group>"; };
		9F10DD1B2B7AAC36002C57F7 /* App testUITests.xctest */ = {isa = PBXFileReference; explicitFileType = wrapper.cfbundle; includeInIndex = 0; path = "App testUITests.xctest"; sourceTree = BUILT_PRODUCTS_DIR; };
		9F10DD1F2B7AAC36002C57F7 /* App_testUITests.swift */ = {isa = PBXFileReference; lastKnownFileType = sourcecode.swift; path = App_testUITests.swift; sourceTree = "<group>"; };
		9F10DD212B7AAC36002C57F7 /* App_testUITestsLaunchTests.swift */ = {isa = PBXFileReference; lastKnownFileType = sourcecode.swift; path = App_testUITestsLaunchTests.swift; sourceTree = "<group>"; };
/* End PBXFileReference section */

/* Begin PBXFrameworksBuildPhase section */
		9F10DCFE2B7AAC34002C57F7 /* Frameworks */ = {
			isa = PBXFrameworksBuildPhase;
			buildActionMask = 2147483647;
			files = (
			);
			runOnlyForDeploymentPostprocessing = 0;
		};
		9F10DD0E2B7AAC36002C57F7 /* Frameworks */ = {
			isa = PBXFrameworksBuildPhase;
			buildActionMask = 2147483647;
			files = (
			);
			runOnlyForDeploymentPostprocessing = 0;
		};
		9F10DD182B7AAC36002C57F7 /* Frameworks */ = {
			isa = PBXFrameworksBuildPhase;
			buildActionMask = 2147483647;
			files = (
			);
			runOnlyForDeploymentPostprocessing = 0;
		};
/* End PBXFrameworksBuildPhase section */

/* Begin PBXGroup section */
		9F10DCF82B7AAC34002C57F7 = {
			isa = PBXGroup;
			children = (
				9F10DD032B7AAC34002C57F7 /* App test */,
				9F10DD142B7AAC36002C57F7 /* App testTests */,
				9F10DD1E2B7AAC36002C57F7 /* App testUITests */,
				9F10DD022B7AAC34002C57F7 /* Products */,
			);
			sourceTree = "<group>";
		};
		9F10DD022B7AAC34002C57F7 /* Products */ = {
			isa = PBXGroup;
			children = (
				9F10DD012B7AAC34002C57F7 /* App test.app */,
				9F10DD112B7AAC36002C57F7 /* App testTests.xctest */,
				9F10DD1B2B7AAC36002C57F7 /* App testUITests.xctest */,
			);
			name = Products;
			sourceTree = "<group>";
		};
		9F10DD032B7AAC34002C57F7 /* App test */ = {
			isa = PBXGroup;
			children = (
				9F10DD042B7AAC34002C57F7 /* App_testApp.swift */,
				9F10DD062B7AAC34002C57F7 /* ContentView.swift */,
				9F10DD082B7AAC36002C57F7 /* Assets.xcassets */,
				9F10DD0A2B7AAC36002C57F7 /* Preview Content */,
			);
			path = "App test";
			sourceTree = "<group>";
		};
		9F10DD0A2B7AAC36002C57F7 /* Preview Content */ = {
			isa = PBXGroup;
			children = (
				9F10DD0B2B7AAC36002C57F7 /* Preview Assets.xcassets */,
			);
			path = "Preview Content";
			sourceTree = "<group>";
		};
		9F10DD142B7AAC36002C57F7 /* App testTests */ = {
			isa = PBXGroup;
			children = (
				9F10DD152B7AAC36002C57F7 /* App_testTests.swift */,
			);
			path = "App testTests";
			sourceTree = "<group>";
		};
		9F10DD1E2B7AAC36002C57F7 /* App testUITests */ = {
			isa = PBXGroup;
			children = (
				9F10DD1F2B7AAC36002C57F7 /* App_testUITests.swift */,
				9F10DD212B7AAC36002C57F7 /* App_testUITestsLaunchTests.swift */,
			);
			path = "App testUITests";
			sourceTree = "<group>";
		};
/* End PBXGroup section */

/* Begin PBXNativeTarget section */
		9F10DD002B7AAC34002C57F7 /* App test */ = {
			isa = PBXNativeTarget;
			buildConfigurationList = 9F10DD252B7AAC36002C57F7 /* Build configuration list for PBXNativeTarget "App test" */;
			buildPhases = (
				9F10DCFD2B7AAC34002C57F7 /* Sources */,
				9F10DCFE2B7AAC34002C57F7 /* Frameworks */,
				9F10DCFF2B7AAC34002C57F7 /* Resources */,
			);
			buildRules = (
			);
			dependencies = (
			);
			name = "App test";
			productName = "App test";
			productReference = 9F10DD012B7AAC34002C57F7 /* App test.app */;
			productType = "com.apple.product-type.application";
		};
		9F10DD102B7AAC36002C57F7 /* App testTests */ = {
			isa = PBXNativeTarget;
			buildConfigurationList = 9F10DD282B7AAC36002C57F7 /* Build configuration list for PBXNativeTarget "App testTests" */;
			buildPhases = (
				9F10DD0D2B7AAC36002C57F7 /* Sources */,
				9F10DD0E2B7AAC36002C57F7 /* Frameworks */,
				9F10DD0F2B7AAC36002C57F7 /* Resources */,
			);
			buildRules = (
			);
			dependencies = (
				9F10DD132B7AAC36002C57F7 /* PBXTargetDependency */,
			);
			name = "App testTests";
			productName = "App testTests";
			productReference = 9F10DD112B7AAC36002C57F7 /* App testTests.xctest */;
			productType = "com.apple.product-type.bundle.unit-test";
		};
		9F10DD1A2B7AAC36002C57F7 /* App testUITests */ = {
			isa = PBXNativeTarget;
			buildConfigurationList = 9F10DD2B2B7AAC36002C57F7 /* Build configuration list for PBXNativeTarget "App testUITests" */;
			buildPhases = (
				9F10DD172B7AAC36002C57F7 /* Sources */,
				9F10DD182B7AAC36002C57F7 /* Frameworks */,
				9F10DD192B7AAC36002C57F7 /* Resources */,
			);
			buildRules = (
			);
			dependencies = (
				9F10DD1D2B7AAC36002C57F7 /* PBXTargetDependency */,
			);
			name = "App testUITests";
			productName = "App testUITests";
			productReference = 9F10DD1B2B7AAC36002C57F7 /* App testUITests.xctest */;
			productType = "com.apple.product-type.bundle.ui-testing";
		};
/* End PBXNativeTarget section */

/* Begin PBXProject section */
		9F10DCF92B7AAC34002C57F7 /* Project object */ = {
			isa = PBXProject;
			attributes = {
				BuildIndependentTargetsInParallel = 1;
				LastSwiftUpdateCheck = 1520;
				LastUpgradeCheck = 1520;
				TargetAttributes = {
					9F10DD002B7AAC34002C57F7 = {
						CreatedOnToolsVersion = 15.2;
					};
					9F10DD102B7AAC36002C57F7 = {
						CreatedOnToolsVersion = 15.2;
						TestTargetID = 9F10DD002B7AAC34002C57F7;
					};
					9F10DD1A2B7AAC36002C57F7 = {
						CreatedOnToolsVersion = 15.2;
						TestTargetID = 9F10DD002B7AAC34002C57F7;
					};
				};
			};
			buildConfigurationList = 9F10DCFC2B7AAC34002C57F7 /* Build configuration list for PBXProject "App test" */;
			compatibilityVersion = "Xcode 14.0";
			developmentRegion = en;
			hasScannedForEncodings = 0;
			knownRegions = (
				en,
				Base,
			);
			mainGroup = 9F10DCF82B7AAC34002C57F7;
			productRefGroup = 9F10DD022B7AAC34002C57F7 /* Products */;
			projectDirPath = "";
			projectRoot = "";
			targets = (
				9F10DD002B7AAC34002C57F7 /* App test */,
				9F10DD102B7AAC36002C57F7 /* App testTests */,
				9F10DD1A2B7AAC36002C57F7 /* App testUITests */,
			);
		};
/* End PBXProject section */

/* Begin PBXResourcesBuildPhase section */
		9F10DCFF2B7AAC34002C57F7 /* Resources */ = {
			isa = PBXResourcesBuildPhase;
			buildActionMask = 2147483647;
			files = (
				9F10DD0C2B7AAC36002C57F7 /* Preview Assets.xcassets in Resources */,
				9F10DD092B7AAC36002C57F7 /* Assets.xcassets in Resources */,
			);
			runOnlyForDeploymentPostprocessing = 0;
		};
		9F10DD0F2B7AAC36002C57F7 /* Resources */ = {
			isa = PBXResourcesBuildPhase;
			buildActionMask = 2147483647;
			files = (
			);
			runOnlyForDeploymentPostprocessing = 0;
		};
		9F10DD192B7AAC36002C57F7 /* Resources */ = {
			isa = PBXResourcesBuildPhase;
			buildActionMask = 2147483647;
			files = (
			);
			runOnlyForDeploymentPostprocessing = 0;
		};
/* End PBXResourcesBuildPhase section */

/* Begin PBXSourcesBuildPhase section */
		9F10DCFD2B7AAC34002C57F7 /* Sources */ = {
			isa = PBXSourcesBuildPhase;
			buildActionMask = 2147483647;
			files = (
				9F10DD072B7AAC34002C57F7 /* ContentView.swift in Sources */,
				9F10DD052B7AAC34002C57F7 /* App_testApp.swift in Sources */,
			);
			runOnlyForDeploymentPostprocessing = 0;
		};
		9F10DD0D2B7AAC36002C57F7 /* Sources */ = {
			isa = PBXSourcesBuildPhase;
			buildActionMask = 2147483647;
			files = (
				9F10DD162B7AAC36002C57F7 /* App_testTests.swift in Sources */,
			);
			runOnlyForDeploymentPostprocessing = 0;
		};
		9F10DD172B7AAC36002C57F7 /* Sources */ = {
			isa = PBXSourcesBuildPhase;
			buildActionMask = 2147483647;
			files = (
				9F10DD222B7AAC36002C57F7 /* App_testUITestsLaunchTests.swift in Sources */,
				9F10DD202B7AAC36002C57F7 /* App_testUITests.swift in Sources */,
			);
			runOnlyForDeploymentPostprocessing = 0;
		};
/* End PBXSourcesBuildPhase section */

/* Begin PBXTargetDependency section */
		9F10DD132B7AAC36002C57F7 /* PBXTargetDependency */ = {
			isa = PBXTargetDependency;
			target = 9F10DD002B7AAC34002C57F7 /* App test */;
			targetProxy = 9F10DD122B7AAC36002C57F7 /* PBXContainerItemProxy */;
		};
		9F10DD1D2B7AAC36002C57F7 /* PBXTargetDependency */ = {
			isa = PBXTargetDependency;
			target = 9F10DD002B7AAC34002C57F7 /* App test */;
			targetProxy = 9F10DD1C2B7AAC36002C57F7 /* PBXContainerItemProxy */;
		};
/* End PBXTargetDependency section */

/* Begin XCBuildConfiguration section */
		9F10DD232B7AAC36002C57F7 /* Debug */ = {
			isa = XCBuildConfiguration;
			buildSettings = {
				ALWAYS_SEARCH_USER_PATHS = NO;
				ASSETCATALOG_COMPILER_GENERATE_SWIFT_ASSET_SYMBOL_EXTENSIONS = YES;
				CLANG_ANALYZER_NONNULL = YES;
				CLANG_ANALYZER_NUMBER_OBJECT_CONVERSION = YES_AGGRESSIVE;
				CLANG_CXX_LANGUAGE_STANDARD = "gnu++20";
				CLANG_ENABLE_MODULES = YES;
				CLANG_ENABLE_OBJC_ARC = YES;
				CLANG_ENABLE_OBJC_WEAK = YES;
				CLANG_WARN_BLOCK_CAPTURE_AUTORELEASING = YES;
				CLANG_WARN_BOOL_CONVERSION = YES;
				CLANG_WARN_COMMA = YES;
				CLANG_WARN_CONSTANT_CONVERSION = YES;
				CLANG_WARN_DEPRECATED_OBJC_IMPLEMENTATIONS = YES;
				CLANG_WARN_DIRECT_OBJC_ISA_USAGE = YES_ERROR;
				CLANG_WARN_DOCUMENTATION_COMMENTS = YES;
				CLANG_WARN_EMPTY_BODY = YES;
				CLANG_WARN_ENUM_CONVERSION = YES;
				CLANG_WARN_INFINITE_RECURSION = YES;
				CLANG_WARN_INT_CONVERSION = YES;
				CLANG_WARN_NON_LITERAL_NULL_CONVERSION = YES;
				CLANG_WARN_OBJC_IMPLICIT_RETAIN_SELF = YES;
				CLANG_WARN_OBJC_LITERAL_CONVERSION = YES;
				CLANG_WARN_OBJC_ROOT_CLASS = YES_ERROR;
				CLANG_WARN_QUOTED_INCLUDE_IN_FRAMEWORK_HEADER = YES;
				CLANG_WARN_RANGE_LOOP_ANALYSIS = YES;
				CLANG_WARN_STRICT_PROTOTYPES = YES;
				CLANG_WARN_SUSPICIOUS_MOVE = YES;
				CLANG_WARN_UNGUARDED_AVAILABILITY = YES_AGGRESSIVE;
				CLANG_WARN_UNREACHABLE_CODE = YES;
				CLANG_WARN__DUPLICATE_METHOD_MATCH = YES;
				COPY_PHASE_STRIP = NO;
				DEBUG_INFORMATION_FORMAT = dwarf;
				ENABLE_STRICT_OBJC_MSGSEND = YES;
				ENABLE_TESTABILITY = YES;
				ENABLE_USER_SCRIPT_SANDBOXING = YES;
				GCC_C_LANGUAGE_STANDARD = gnu17;
				GCC_DYNAMIC_NO_PIC = NO;
				GCC_NO_COMMON_BLOCKS = YES;
				GCC_OPTIMIZATION_LEVEL = 0;
				GCC_PREPROCESSOR_DEFINITIONS = (
					"DEBUG=1",
					"$(inherited)",
				);
				GCC_WARN_64_TO_32_BIT_CONVERSION = YES;
				GCC_WARN_ABOUT_RETURN_TYPE = YES_ERROR;
				GCC_WARN_UNDECLARED_SELECTOR = YES;
				GCC_WARN_UNINITIALIZED_AUTOS = YES_AGGRESSIVE;
				GCC_WARN_UNUSED_FUNCTION = YES;
				GCC_WARN_UNUSED_VARIABLE = YES;
				IPHONEOS_DEPLOYMENT_TARGET = 17.2;
				LOCALIZATION_PREFERS_STRING_CATALOGS = YES;
				MTL_ENABLE_DEBUG_INFO = INCLUDE_SOURCE;
				MTL_FAST_MATH = YES;
				ONLY_ACTIVE_ARCH = YES;
				SDKROOT = iphoneos;
				SWIFT_ACTIVE_COMPILATION_CONDITIONS = "DEBUG $(inherited)";
				SWIFT_OPTIMIZATION_LEVEL = "-Onone";
			};
			name = Debug;
		};
		9F10DD242B7AAC36002C57F7 /* Release */ = {
			isa = XCBuildConfiguration;
			buildSettings = {
				ALWAYS_SEARCH_USER_PATHS = NO;
				ASSETCATALOG_COMPILER_GENERATE_SWIFT_ASSET_SYMBOL_EXTENSIONS = YES;
				CLANG_ANALYZER_NONNULL = YES;
				CLANG_ANALYZER_NUMBER_OBJECT_CONVERSION = YES_AGGRESSIVE;
				CLANG_CXX_LANGUAGE_STANDARD = "gnu++20";
				CLANG_ENABLE_MODULES = YES;
				CLANG_ENABLE_OBJC_ARC = YES;
				CLANG_ENABLE_OBJC_WEAK = YES;
				CLANG_WARN_BLOCK_CAPTURE_AUTORELEASING = YES;
				CLANG_WARN_BOOL_CONVERSION = YES;
				CLANG_WARN_COMMA = YES;
				CLANG_WARN_CONSTANT_CONVERSION = YES;
				CLANG_WARN_DEPRECATED_OBJC_IMPLEMENTATIONS = YES;
				CLANG_WARN_DIRECT_OBJC_ISA_USAGE = YES_ERROR;
				CLANG_WARN_DOCUMENTATION_COMMENTS = YES;
				CLANG_WARN_EMPTY_BODY = YES;
				CLANG_WARN_ENUM_CONVERSION = YES;
				CLANG_WARN_INFINITE_RECURSION = YES;
				CLANG_WARN_INT_CONVERSION = YES;
				CLANG_WARN_NON_LITERAL_NULL_CONVERSION = YES;
				CLANG_WARN_OBJC_IMPLICIT_RETAIN_SELF = YES;
				CLANG_WARN_OBJC_LITERAL_CONVERSION = YES;
				CLANG_WARN_OBJC_ROOT_CLASS = YES_ERROR;
				CLANG_WARN_QUOTED_INCLUDE_IN_FRAMEWORK_HEADER = YES;
				CLANG_WARN_RANGE_LOOP_ANALYSIS = YES;
				CLANG_WARN_STRICT_PROTOTYPES = YES;
				CLANG_WARN_SUSPICIOUS_MOVE = YES;
				CLANG_WARN_UNGUARDED_AVAILABILITY = YES_AGGRESSIVE;
				CLANG_WARN_UNREACHABLE_CODE = YES;
				CLANG_WARN__DUPLICATE_METHOD_MATCH = YES;
				COPY_PHASE_STRIP = NO;
				DEBUG_INFORMATION_FORMAT = "dwarf-with-dsym";
				ENABLE_NS_ASSERTIONS = NO;
				ENABLE_STRICT_OBJC_MSGSEND = YES;
				ENABLE_USER_SCRIPT_SANDBOXING = YES;
				GCC_C_LANGUAGE_STANDARD = gnu17;
				GCC_NO_COMMON_BLOCKS = YES;
				GCC_WARN_64_TO_32_BIT_CONVERSION = YES;
				GCC_WARN_ABOUT_RETURN_TYPE = YES_ERROR;
				GCC_WARN_UNDECLARED_SELECTOR = YES;
				GCC_WARN_UNINITIALIZED_AUTOS = YES_AGGRESSIVE;
				GCC_WARN_UNUSED_FUNCTION = YES;
				GCC_WARN_UNUSED_VARIABLE = YES;
				IPHONEOS_DEPLOYMENT_TARGET = 17.2;
				LOCALIZATION_PREFERS_STRING_CATALOGS = YES;
				MTL_ENABLE_DEBUG_INFO = NO;
				MTL_FAST_MATH = YES;
				SDKROOT = iphoneos;
				SWIFT_COMPILATION_MODE = wholemodule;
				VALIDATE_PRODUCT = YES;
			};
			name = Release;
		};
		9F10DD262B7AAC36002C57F7 /* Debug */ = {
			isa = XCBuildConfiguration;
			buildSettings = {
				ASSETCATALOG_COMPILER_APPICON_NAME = AppIcon;
				ASSETCATALOG_COMPILER_GLOBAL_ACCENT_COLOR_NAME = AccentColor;
				CODE_SIGN_STYLE = Automatic;
				CURRENT_PROJECT_VERSION = 1;
				DEVELOPMENT_ASSET_PATHS = "\"App test/Preview Content\"";
				DEVELOPMENT_TEAM = 7E4FRN2QG2;
				ENABLE_PREVIEWS = YES;
				GENERATE_INFOPLIST_FILE = YES;
				INFOPLIST_KEY_UIApplicationSceneManifest_Generation = YES;
				INFOPLIST_KEY_UIApplicationSupportsIndirectInputEvents = YES;
				INFOPLIST_KEY_UILaunchScreen_Generation = YES;
				INFOPLIST_KEY_UISupportedInterfaceOrientations_iPad = "UIInterfaceOrientationPortrait UIInterfaceOrientationPortraitUpsideDown UIInterfaceOrientationLandscapeLeft UIInterfaceOrientationLandscapeRight";
				INFOPLIST_KEY_UISupportedInterfaceOrientations_iPhone = "UIInterfaceOrientationPortrait UIInterfaceOrientationLandscapeLeft UIInterfaceOrientationLandscapeRight";
				LD_RUNPATH_SEARCH_PATHS = (
					"$(inherited)",
					"@executable_path/Frameworks",
				);
				MARKETING_VERSION = 1.0;
				PRODUCT_BUNDLE_IDENTIFIER = "com.yc6622.App-test";
				PRODUCT_NAME = "$(TARGET_NAME)";
				SWIFT_EMIT_LOC_STRINGS = YES;
				SWIFT_VERSION = 5.0;
				TARGETED_DEVICE_FAMILY = "1,2";
			};
			name = Debug;
		};
		9F10DD272B7AAC36002C57F7 /* Release */ = {
			isa = XCBuildConfiguration;
			buildSettings = {
				ASSETCATALOG_COMPILER_APPICON_NAME = AppIcon;
				ASSETCATALOG_COMPILER_GLOBAL_ACCENT_COLOR_NAME = AccentColor;
				CODE_SIGN_STYLE = Automatic;
				CURRENT_PROJECT_VERSION = 1;
				DEVELOPMENT_ASSET_PATHS = "\"App test/Preview Content\"";
				DEVELOPMENT_TEAM = 7E4FRN2QG2;
				ENABLE_PREVIEWS = YES;
				GENERATE_INFOPLIST_FILE = YES;
				INFOPLIST_KEY_UIApplicationSceneManifest_Generation = YES;
				INFOPLIST_KEY_UIApplicationSupportsIndirectInputEvents = YES;
				INFOPLIST_KEY_UILaunchScreen_Generation = YES;
				INFOPLIST_KEY_UISupportedInterfaceOrientations_iPad = "UIInterfaceOrientationPortrait UIInterfaceOrientationPortraitUpsideDown UIInterfaceOrientationLandscapeLeft UIInterfaceOrientationLandscapeRight";
				INFOPLIST_KEY_UISupportedInterfaceOrientations_iPhone = "UIInterfaceOrientationPortrait UIInterfaceOrientationLandscapeLeft UIInterfaceOrientationLandscapeRight";
				LD_RUNPATH_SEARCH_PATHS = (
					"$(inherited)",
					"@executable_path/Frameworks",
				);
				MARKETING_VERSION = 1.0;
				PRODUCT_BUNDLE_IDENTIFIER = "com.yc6622.App-test";
				PRODUCT_NAME = "$(TARGET_NAME)";
				SWIFT_EMIT_LOC_STRINGS = YES;
				SWIFT_VERSION = 5.0;
				TARGETED_DEVICE_FAMILY = "1,2";
			};
			name = Release;
		};
		9F10DD292B7AAC36002C57F7 /* Debug */ = {
			isa = XCBuildConfiguration;
			buildSettings = {
				ALWAYS_EMBED_SWIFT_STANDARD_LIBRARIES = YES;
				BUNDLE_LOADER = "$(TEST_HOST)";
				CODE_SIGN_STYLE = Automatic;
				CURRENT_PROJECT_VERSION = 1;
				DEVELOPMENT_TEAM = 7E4FRN2QG2;
				GENERATE_INFOPLIST_FILE = YES;
				IPHONEOS_DEPLOYMENT_TARGET = 17.2;
				MARKETING_VERSION = 1.0;
				PRODUCT_BUNDLE_IDENTIFIER = "com.yc6622.App-testTests";
				PRODUCT_NAME = "$(TARGET_NAME)";
				SWIFT_EMIT_LOC_STRINGS = NO;
				SWIFT_VERSION = 5.0;
				TARGETED_DEVICE_FAMILY = "1,2";
				TEST_HOST = "$(BUILT_PRODUCTS_DIR)/App test.app/$(BUNDLE_EXECUTABLE_FOLDER_PATH)/App test";
			};
			name = Debug;
		};
		9F10DD2A2B7AAC36002C57F7 /* Release */ = {
			isa = XCBuildConfiguration;
			buildSettings = {
				ALWAYS_EMBED_SWIFT_STANDARD_LIBRARIES = YES;
				BUNDLE_LOADER = "$(TEST_HOST)";
				CODE_SIGN_STYLE = Automatic;
				CURRENT_PROJECT_VERSION = 1;
				DEVELOPMENT_TEAM = 7E4FRN2QG2;
				GENERATE_INFOPLIST_FILE = YES;
				IPHONEOS_DEPLOYMENT_TARGET = 17.2;
				MARKETING_VERSION = 1.0;
				PRODUCT_BUNDLE_IDENTIFIER = "com.yc6622.App-testTests";
				PRODUCT_NAME = "$(TARGET_NAME)";
				SWIFT_EMIT_LOC_STRINGS = NO;
				SWIFT_VERSION = 5.0;
				TARGETED_DEVICE_FAMILY = "1,2";
				TEST_HOST = "$(BUILT_PRODUCTS_DIR)/App test.app/$(BUNDLE_EXECUTABLE_FOLDER_PATH)/App test";
			};
			name = Release;
		};
		9F10DD2C2B7AAC36002C57F7 /* Debug */ = {
			isa = XCBuildConfiguration;
			buildSettings = {
				ALWAYS_EMBED_SWIFT_STANDARD_LIBRARIES = YES;
				CODE_SIGN_STYLE = Automatic;
				CURRENT_PROJECT_VERSION = 1;
				DEVELOPMENT_TEAM = 7E4FRN2QG2;
				GENERATE_INFOPLIST_FILE = YES;
				MARKETING_VERSION = 1.0;
				PRODUCT_BUNDLE_IDENTIFIER = "com.yc6622.App-testUITests";
				PRODUCT_NAME = "$(TARGET_NAME)";
				SWIFT_EMIT_LOC_STRINGS = NO;
				SWIFT_VERSION = 5.0;
				TARGETED_DEVICE_FAMILY = "1,2";
				TEST_TARGET_NAME = "App test";
			};
			name = Debug;
		};
		9F10DD2D2B7AAC36002C57F7 /* Release */ = {
			isa = XCBuildConfiguration;
			buildSettings = {
				ALWAYS_EMBED_SWIFT_STANDARD_LIBRARIES = YES;
				CODE_SIGN_STYLE = Automatic;
				CURRENT_PROJECT_VERSION = 1;
				DEVELOPMENT_TEAM = 7E4FRN2QG2;
				GENERATE_INFOPLIST_FILE = YES;
				MARKETING_VERSION = 1.0;
				PRODUCT_BUNDLE_IDENTIFIER = "com.yc6622.App-testUITests";
				PRODUCT_NAME = "$(TARGET_NAME)";
				SWIFT_EMIT_LOC_STRINGS = NO;
				SWIFT_VERSION = 5.0;
				TARGETED_DEVICE_FAMILY = "1,2";
				TEST_TARGET_NAME = "App test";
			};
			name = Release;
		};
/* End XCBuildConfiguration section */

/* Begin XCConfigurationList section */
		9F10DCFC2B7AAC34002C57F7 /* Build configuration list for PBXProject "App test" */ = {
			isa = XCConfigurationList;
			buildConfigurations = (
				9F10DD232B7AAC36002C57F7 /* Debug */,
				9F10DD242B7AAC36002C57F7 /* Release */,
			);
			defaultConfigurationIsVisible = 0;
			defaultConfigurationName = Release;
		};
		9F10DD252B7AAC36002C57F7 /* Build configuration list for PBXNativeTarget "App test" */ = {
			isa = XCConfigurationList;
			buildConfigurations = (
				9F10DD262B7AAC36002C57F7 /* Debug */,
				9F10DD272B7AAC36002C57F7 /* Release */,
			);
			defaultConfigurationIsVisible = 0;
			defaultConfigurationName = Release;
		};
		9F10DD282B7AAC36002C57F7 /* Build configuration list for PBXNativeTarget "App testTests" */ = {
			isa = XCConfigurationList;
			buildConfigurations = (
				9F10DD292B7AAC36002C57F7 /* Debug */,
				9F10DD2A2B7AAC36002C57F7 /* Release */,
			);
			defaultConfigurationIsVisible = 0;
			defaultConfigurationName = Release;
		};
		9F10DD2B2B7AAC36002C57F7 /* Build configuration list for PBXNativeTarget "App testUITests" */ = {
			isa = XCConfigurationList;
			buildConfigurations = (
				9F10DD2C2B7AAC36002C57F7 /* Debug */,
				9F10DD2D2B7AAC36002C57F7 /* Release */,
			);
			defaultConfigurationIsVisible = 0;
			defaultConfigurationName = Release;
		};
/* End XCConfigurationList section */
	};
	rootObject = 9F10DCF92B7AAC34002C57F7 /* Project object */;
}
